trainme:
  cmd: python train.py
  deps:
  - path: users.csv
    md5: 5febbef14389ebcfc3e501fa1091adcb
    size: 10
  params:
    params.yaml:
      dense: 512
      dropout: 0.5
      epochs: 7
      log_file: plots.csv
  outs:
  - path: logs
    md5: 98da918bb43c99a31e3a26127da6a9ba.dir
    size: 162414
    nfiles: 10
  - path: plots.csv
    md5: 60704dccd51028e88a4fc719f7e6a102
    size: 609
  - path: summary.json
    md5: 9ba9bdd2666053cd654491c2e032a401
    size: 123
