trainme:
  cmd: python scripts/fake_train_p2.py
  deps:
  - path: scripts/fake_train_p2.py
    md5: ac8799e3e0e8c2e4033f6976b6cb1bca
    size: 492
  outs:
  - path: pipelines/p2/plots.csv
    md5: 50e2a94d1d6f464288139cd48fa160fd
    size: 762
  - path: pipelines/p2/summary.json
    md5: 7f35530658e2a90e14d9e657bab4cc0a
    size: 248
