trainme:
  cmd: python scripts/fake_train.py
  deps:
  - path: scripts/fake_train.py
    md5: 0129ffb2fce1b5d1bbf4f91c956471be
    size: 492
  outs:
  - path: pipelines/p0/plots.csv
    md5: 50e2a94d1d6f464288139cd48fa160fd
    size: 762
  - path: pipelines/p0/summary.json
    md5: 7f35530658e2a90e14d9e657bab4cc0a
    size: 248
