trainme:
  cmd: python scripts/fake_train.py
  deps:
  - path: scripts/fake_train.py
    md5: ce98806620fdec0d50e67c9d9f6e7af4
    size: 467
  outs:
  - path: pipelines/p0/plots.csv
    md5: 50e2a94d1d6f464288139cd48fa160fd
    size: 762
  - path: pipelines/p0/summary.json
    md5: 0c9c4ab65b767219c7136fc6f4dd9042
    size: 237
